
Microsoft Visual Studio Solution File, Format Version 12.00
# Visual Studio Version 16
VisualStudioVersion = 16.0.29920.165
MinimumVisualStudioVersion = 10.0.40219.1
Project("{FAE04EC0-301F-11D3-BF4B-00C04F79EFBC}") = "CW4", "CW4\CW4.csproj", "{56A0C841-B2AF-4FF1-8713-39C2168DE241}"
EndProject
Global
	GlobalSection(SolutionConfigurationPlatforms) = preSolution
		Debug|Any CPU = Debug|Any CPU
		Release|Any CPU = Release|Any CPU
	EndGlobalSection
	GlobalSection(ProjectConfigurationPlatforms) = postSolution
		{56A0C841-B2AF-4FF1-8713-39C2168DE241}.Debug|Any CPU.ActiveCfg = Debug|Any CPU
		{56A0C841-B2AF-4FF1-8713-39C2168DE241}.Debug|Any CPU.Build.0 = Debug|Any CPU
		{56A0C841-B2AF-4FF1-8713-39C2168DE241}.Release|Any CPU.ActiveCfg = Release|Any CPU
		{56A0C841-B2AF-4FF1-8713-39C2168DE241}.Release|Any CPU.Build.0 = Release|Any CPU
	EndGlobalSection
	GlobalSection(SolutionProperties) = preSolution
		HideSolutionNode = FALSE
	EndGlobalSection
	GlobalSection(ExtensibilityGlobals) = postSolution
		SolutionGuid = {F51B613E-DC88-469F-958E-433869EEDC2C}
	EndGlobalSection
EndGlobal
